
Microsoft Visual Studio Solution File, Format Version 12.00
# Visual Studio Version 17
VisualStudioVersion = 17.5.002.0
MinimumVisualStudioVersion = 10.0.40219.1
Project("{9A19103F-16F7-4668-BE54-9A1E7A4F7556}") = "WebApplication3", "WebApplication3.csproj", "{92701E62-B4BD-4B39-BB15-8A961A290C02}"
EndProject
Global
	GlobalSection(SolutionConfigurationPlatforms) = preSolution
		Debug|Any CPU = Debug|Any CPU
		Release|Any CPU = Release|Any CPU
	EndGlobalSection
	GlobalSection(ProjectConfigurationPlatforms) = postSolution
		{92701E62-B4BD-4B39-BB15-8A961A290C02}.Debug|Any CPU.ActiveCfg = Debug|Any CPU
		{92701E62-B4BD-4B39-BB15-8A961A290C02}.Debug|Any CPU.Build.0 = Debug|Any CPU
		{92701E62-B4BD-4B39-BB15-8A961A290C02}.Release|Any CPU.ActiveCfg = Release|Any CPU
		{92701E62-B4BD-4B39-BB15-8A961A290C02}.Release|Any CPU.Build.0 = Release|Any CPU
	EndGlobalSection
	GlobalSection(SolutionProperties) = preSolution
		HideSolutionNode = FALSE
	EndGlobalSection
	GlobalSection(ExtensibilityGlobals) = postSolution
		SolutionGuid = {95DE32BB-0B74-41A7-8DC8-6041113C95C5}
	EndGlobalSection
EndGlobal
